# THIS IS AN AUTOGENERATED FILE. DO NOT EDIT THIS FILE DIRECTLY.
# yarn lockfile v1


"@0xproject/types@^0.6.0":
  version "0.6.3"
  resolved "https://registry.yarnpkg.com/@0xproject/types/-/types-0.6.3.tgz#0bc066967aad4151011b6e478bb707b1afb8504b"
  dependencies:
    "@types/node" "^8.0.53"
    bignumber.js "~4.1.0"

"@types/node@^8.0.53":
  version "8.10.18"
  resolved "https://registry.yarnpkg.com/@types/node/-/node-8.10.18.tgz#eb9ad8b0723d13fa9bc8b42543e3661ed805f2bb"

bignumber.js@^5.0.0:
  version "5.0.0"
  resolved "https://registry.yarnpkg.com/bignumber.js/-/bignumber.js-5.0.0.tgz#fbce63f09776b3000a83185badcde525daf34833"

bignumber.js@~4.1.0:
  version "4.1.0"
  resolved "https://registry.yarnpkg.com/bignumber.js/-/bignumber.js-4.1.0.tgz#db6f14067c140bd46624815a7916c92d9b6c24b1"
